{
    "_meta": {
        "hash": {
            "sha256": "de64ee2b1b316136e62585093826d67c8d899934159538fc27f6cdea2bd01551"
        },
        "pipfile-spec": 6,
        "requires": {
            "python_version": "3.8"
        },
        "sources": [
            {
                "name": "pypi",
                "url": "https://pypi.org/simple",
                "verify_ssl": true
            }
        ]
    },
    "default": {
        "more-itertools": {
            "hashes": [
                "sha256:8e1a2a43b2f2727425f2b5839587ae37093f19153dc26c0927d1048ff6557330",
                "sha256:b3a9005928e5bed54076e6e549c792b306fddfe72b2d1d22dd63d42d5d3899cf"
            ],
            "index": "pypi",
            "version": "==8.6.0"
        }
    },
    "develop": {}
}
